
Microsoft Visual Studio Solution File, Format Version 12.00
# Visual Studio 15
Project("{FAE04EC0-301F-11D3-BF4B-00C04F79EFBC}") = "sistematabuada", "sistematabuada\sistematabuada.csproj", "{1C00ADAC-A380-4A07-B866-9494A5453CF6}"
EndProject
Global
	GlobalSection(SolutionConfigurationPlatforms) = preSolution
		Debug|Any CPU = Debug|Any CPU
		Release|Any CPU = Release|Any CPU
	EndGlobalSection
	GlobalSection(ProjectConfigurationPlatforms) = postSolution
		{1C00ADAC-A380-4A07-B866-9494A5453CF6}.Debug|Any CPU.ActiveCfg = Debug|Any CPU
		{1C00ADAC-A380-4A07-B866-9494A5453CF6}.Debug|Any CPU.Build.0 = Debug|Any CPU
		{1C00ADAC-A380-4A07-B866-9494A5453CF6}.Release|Any CPU.ActiveCfg = Release|Any CPU
		{1C00ADAC-A380-4A07-B866-9494A5453CF6}.Release|Any CPU.Build.0 = Release|Any CPU
	EndGlobalSection
EndGlobal
